GEM
  remote: https://rubygems.org/
  specs:
    Ascii85 (2.0.1)
    afm (0.2.2)
    base64 (0.3.0)
    bigdecimal (3.3.1-java)
    coderay (1.1.3)
    csv (3.3.5)
    docx (0.10.0)
      nokogiri (~> 1.13, >= 1.13.0)
      rubyzip (>= 2.0, < 4)
    event_stream_parser (1.0.0)
    faraday (2.14.0)
      faraday-net_http (>= 2.0, < 3.5)
      json
      logger
    faraday-multipart (1.1.1)
      multipart-post (~> 2.0)
    faraday-net_http (3.4.2)
      net-http (~> 0.5)
    faraday-retry (2.3.2)
      faraday (~> 2.0)
    ffi (1.17.2-java)
    fileutils (1.8.0)
    hashery (2.1.2)
    jruby-openssl (0.15.5-java)
    json (2.16.0-java)
    logger (1.7.0)
    marcel (1.1.0)
    method_source (1.1.0)
    multipart-post (2.4.1)
    net-http (0.7.0)
      uri
    nodo (1.8.1)
      logger
    nokogiri (1.18.10-java)
      racc (~> 1.4)
    observer (0.1.2)
    open3 (0.2.1)
    pdf-reader (2.15.0)
      Ascii85 (>= 1.0, < 3.0, != 2.0.0)
      afm (>= 0.2.1, < 2)
      hashery (~> 2.0)
      ruby-rc4
      ttfunk
    pry (0.15.2)
      coderay (~> 1.1)
      method_source (~> 1.0)
    pry (0.15.2-java)
      coderay (~> 1.1)
      method_source (~> 1.0)
      spoon (~> 0.0)
    racc (1.8.1-java)
    roo (3.0.0)
      base64 (~> 0.2)
      csv (~> 3)
      logger (~> 1)
      nokogiri (~> 1)
      rubyzip (>= 3.0.0, < 4.0.0)
    ruby-rc4 (0.1.5)
    ruby_llm (1.9.1)
      base64
      event_stream_parser (~> 1)
      faraday (>= 1.10.0)
      faraday-multipart (>= 1)
      faraday-net_http (>= 1)
      faraday-retry (>= 1)
      marcel (~> 1.0)
      ruby_llm-schema (~> 0.2.1)
      zeitwerk (~> 2)
    ruby_llm-schema (0.2.1)
    rubyzip (3.2.2)
    securerandom (0.4.1)
    spoon (0.0.6)
      ffi
    ttfunk (1.8.0)
      bigdecimal (~> 3.1)
    uri (1.1.1)
    zeitwerk (2.6.18)

PLATFORMS
  universal-java-17
  universal-java-21
  universal-java-8

DEPENDENCIES
  docx
  faraday (~> 2.9)
  fileutils
  jruby-openssl
  json
  logger
  nodo (~> 1.8)
  observer
  open3
  pdf-reader
  pry
  roo
  ruby_llm (>= 1.6.0)
  securerandom

BUNDLED WITH
   2.6.9
